// !$*UTF8*$!
{
	archiveVersion = 1;
	classes = {
	};
	objectVersion = 46;
	objects = {

/* Begin PBXBuildFile section */
		48843BE01EFFBB4300948951 /* main.m in Sources */ = {isa = PBXBuildFile; fileRef = 48843BDF1EFFBB4300948951 /* main.m */; };
		48843BE31EFFBB4300948951 /* AppDelegate.m in Sources */ = {isa = PBXBuildFile; fileRef = 48843BE21EFFBB4300948951 /* AppDelegate.m */; };
		48843BEB1EFFBB4300948951 /* Assets.xcassets in Resources */ = {isa = PBXBuildFile; fileRef = 48843BEA1EFFBB4300948951 /* Assets.xcassets */; };
		48843BEE1EFFBB4300948951 /* LaunchScreen.storyboard in Resources */ = {isa = PBXBuildFile; fileRef = 48843BEC1EFFBB4300948951 /* LaunchScreen.storyboard */; };
		48843BF81EFFBD2A00948951 /* JPNavigationControllerDemo_home.m in Sources */ = {isa = PBXBuildFile; fileRef = 48843BF71EFFBD2A00948951 /* JPNavigationControllerDemo_home.m */; };
		48843C001EFFBD9F00948951 /* JPNavigationControllerDemo_more.m in Sources */ = {isa = PBXBuildFile; fileRef = 48843BFF1EFFBD9F00948951 /* JPNavigationControllerDemo_more.m */; };
		48843C161F00024C00948951 /* JPNavigationControllerDemo_linkBar.m in Sources */ = {isa = PBXBuildFile; fileRef = 48843C151F00024C00948951 /* JPNavigationControllerDemo_linkBar.m */; };
		48EA43821F1229E300067F48 /* JPBaseAnimationTransition.m in Sources */ = {isa = PBXBuildFile; fileRef = 48EA43661F1229E300067F48 /* JPBaseAnimationTransition.m */; };
		48EA43831F1229E300067F48 /* JPNavigationBar.m in Sources */ = {isa = PBXBuildFile; fileRef = 48EA43681F1229E300067F48 /* JPNavigationBar.m */; };
		48EA43841F1229E300067F48 /* JPNavigationController.bundle in Resources */ = {isa = PBXBuildFile; fileRef = 48EA43691F1229E300067F48 /* JPNavigationController.bundle */; };
		48EA43851F1229E300067F48 /* JPNavigationController.m in Sources */ = {isa = PBXBuildFile; fileRef = 48EA436B1F1229E300067F48 /* JPNavigationController.m */; };
		48EA43861F1229E300067F48 /* JPNavigationControllerGestureRecognizer.m in Sources */ = {isa = PBXBuildFile; fileRef = 48EA436E1F1229E300067F48 /* JPNavigationControllerGestureRecognizer.m */; };
		48EA43871F1229E300067F48 /* JPNavigationControllerTransition.m in Sources */ = {isa = PBXBuildFile; fileRef = 48EA43721F1229E300067F48 /* JPNavigationControllerTransition.m */; };
		48EA43881F1229E300067F48 /* JPPushAnimationTransition.m in Sources */ = {isa = PBXBuildFile; fileRef = 48EA43741F1229E300067F48 /* JPPushAnimationTransition.m */; };
		48EA43891F1229E300067F48 /* JPTransitionShadowView.m in Sources */ = {isa = PBXBuildFile; fileRef = 48EA43761F1229E300067F48 /* JPTransitionShadowView.m */; };
		48EA438A1F1229E300067F48 /* JPWarpNavigationController.m in Sources */ = {isa = PBXBuildFile; fileRef = 48EA43781F1229E300067F48 /* JPWarpNavigationController.m */; };
		48EA438B1F1229E300067F48 /* JPWarpViewController.m in Sources */ = {isa = PBXBuildFile; fileRef = 48EA437A1F1229E300067F48 /* JPWarpViewController.m */; };
		48EA438C1F1229E300067F48 /* UIColor+ImageGenerate.m in Sources */ = {isa = PBXBuildFile; fileRef = 48EA437C1F1229E300067F48 /* UIColor+ImageGenerate.m */; };
		48EA438D1F1229E300067F48 /* UIView+ScreenCapture.m in Sources */ = {isa = PBXBuildFile; fileRef = 48EA437F1F1229E300067F48 /* UIView+ScreenCapture.m */; };
		48EA438E1F1229E300067F48 /* UIViewController+ViewControllers.m in Sources */ = {isa = PBXBuildFile; fileRef = 48EA43811F1229E300067F48 /* UIViewController+ViewControllers.m */; };
		48F041C11F10921200AE46D3 /* JPNavigationControllerDemo_more.xib in Resources */ = {isa = PBXBuildFile; fileRef = 48F041C01F10921200AE46D3 /* JPNavigationControllerDemo_more.xib */; };
		48F041C41F10948E00AE46D3 /* JPQRCodeTool.m in Sources */ = {isa = PBXBuildFile; fileRef = 48F041C31F10948E00AE46D3 /* JPQRCodeTool.m */; };
		48F041C81F10C3BB00AE46D3 /* JPNavigationControllerDemo_range.m in Sources */ = {isa = PBXBuildFile; fileRef = 48F041C61F10C3BB00AE46D3 /* JPNavigationControllerDemo_range.m */; };
		48F041C91F10C3BB00AE46D3 /* JPNavigationControllerDemo_range.xib in Resources */ = {isa = PBXBuildFile; fileRef = 48F041C71F10C3BB00AE46D3 /* JPNavigationControllerDemo_range.xib */; };
		592C04A638715C176A3399D5 /* libPods-JPNavigationControllerDemo.a in Frameworks */ = {isa = PBXBuildFile; fileRef = C3A65C21EF3800DCBFE195D6 /* libPods-JPNavigationControllerDemo.a */; };
/* End PBXBuildFile section */

/* Begin PBXFileReference section */
		27D36F9F29D73FA0C86B5E0E /* Pods-JPNavigationControllerDemo.debug.xcconfig */ = {isa = PBXFileReference; includeInIndex = 1; lastKnownFileType = text.xcconfig; name = "Pods-JPNavigationControllerDemo.debug.xcconfig"; path = "Pods/Target Support Files/Pods-JPNavigationControllerDemo/Pods-JPNavigationControllerDemo.debug.xcconfig"; sourceTree = "<group>"; };
		48843BDB1EFFBB4300948951 /* JPNavigationControllerDemo.app */ = {isa = PBXFileReference; explicitFileType = wrapper.application; includeInIndex = 0; path = JPNavigationControllerDemo.app; sourceTree = BUILT_PRODUCTS_DIR; };
		48843BDF1EFFBB4300948951 /* main.m */ = {isa = PBXFileReference; lastKnownFileType = sourcecode.c.objc; path = main.m; sourceTree = "<group>"; };
		48843BE11EFFBB4300948951 /* AppDelegate.h */ = {isa = PBXFileReference; lastKnownFileType = sourcecode.c.h; path = AppDelegate.h; sourceTree = "<group>"; };
		48843BE21EFFBB4300948951 /* AppDelegate.m */ = {isa = PBXFileReference; lastKnownFileType = sourcecode.c.objc; path = AppDelegate.m; sourceTree = "<group>"; };
		48843BEA1EFFBB4300948951 /* Assets.xcassets */ = {isa = PBXFileReference; lastKnownFileType = folder.assetcatalog; path = Assets.xcassets; sourceTree = "<group>"; };
		48843BED1EFFBB4300948951 /* Base */ = {isa = PBXFileReference; lastKnownFileType = file.storyboard; name = Base; path = Base.lproj/LaunchScreen.storyboard; sourceTree = "<group>"; };
		48843BEF1EFFBB4300948951 /* Info.plist */ = {isa = PBXFileReference; lastKnownFileType = text.plist.xml; path = Info.plist; sourceTree = "<group>"; };
		48843BF61EFFBD2A00948951 /* JPNavigationControllerDemo_home.h */ = {isa = PBXFileReference; fileEncoding = 4; lastKnownFileType = sourcecode.c.h; path = JPNavigationControllerDemo_home.h; sourceTree = "<group>"; };
		48843BF71EFFBD2A00948951 /* JPNavigationControllerDemo_home.m */ = {isa = PBXFileReference; fileEncoding = 4; lastKnownFileType = sourcecode.c.objc; path = JPNavigationControllerDemo_home.m; sourceTree = "<group>"; };
		48843BFE1EFFBD9F00948951 /* JPNavigationControllerDemo_more.h */ = {isa = PBXFileReference; fileEncoding = 4; lastKnownFileType = sourcecode.c.h; path = JPNavigationControllerDemo_more.h; sourceTree = "<group>"; };
		48843BFF1EFFBD9F00948951 /* JPNavigationControllerDemo_more.m */ = {isa = PBXFileReference; fileEncoding = 4; lastKnownFileType = sourcecode.c.objc; path = JPNavigationControllerDemo_more.m; sourceTree = "<group>"; };
		48843C141F00024C00948951 /* JPNavigationControllerDemo_linkBar.h */ = {isa = PBXFileReference; fileEncoding = 4; lastKnownFileType = sourcecode.c.h; path = JPNavigationControllerDemo_linkBar.h; sourceTree = "<group>"; };
		48843C151F00024C00948951 /* JPNavigationControllerDemo_linkBar.m */ = {isa = PBXFileReference; fileEncoding = 4; lastKnownFileType = sourcecode.c.objc; path = JPNavigationControllerDemo_linkBar.m; sourceTree = "<group>"; };
		48A97A497D8C28458D2FBC6B /* Pods-JPNavigationControllerDemo.release.xcconfig */ = {isa = PBXFileReference; includeInIndex = 1; lastKnownFileType = text.xcconfig; name = "Pods-JPNavigationControllerDemo.release.xcconfig"; path = "Pods/Target Support Files/Pods-JPNavigationControllerDemo/Pods-JPNavigationControllerDemo.release.xcconfig"; sourceTree = "<group>"; };
		48EA43651F1229E300067F48 /* JPBaseAnimationTransition.h */ = {isa = PBXFileReference; fileEncoding = 4; lastKnownFileType = sourcecode.c.h; path = JPBaseAnimationTransition.h; sourceTree = "<group>"; };
		48EA43661F1229E300067F48 /* JPBaseAnimationTransition.m */ = {isa = PBXFileReference; fileEncoding = 4; lastKnownFileType = sourcecode.c.objc; path = JPBaseAnimationTransition.m; sourceTree = "<group>"; };
		48EA43671F1229E300067F48 /* JPNavigationBar.h */ = {isa = PBXFileReference; fileEncoding = 4; lastKnownFileType = sourcecode.c.h; path = JPNavigationBar.h; sourceTree = "<group>"; };
		48EA43681F1229E300067F48 /* JPNavigationBar.m */ = {isa = PBXFileReference; fileEncoding = 4; lastKnownFileType = sourcecode.c.objc; path = JPNavigationBar.m; sourceTree = "<group>"; };
		48EA43691F1229E300067F48 /* JPNavigationController.bundle */ = {isa = PBXFileReference; lastKnownFileType = "wrapper.plug-in"; path = JPNavigationController.bundle; sourceTree = "<group>"; };
		48EA436A1F1229E300067F48 /* JPNavigationController.h */ = {isa = PBXFileReference; fileEncoding = 4; lastKnownFileType = sourcecode.c.h; path = JPNavigationController.h; sourceTree = "<group>"; };
		48EA436B1F1229E300067F48 /* JPNavigationController.m */ = {isa = PBXFileReference; fileEncoding = 4; lastKnownFileType = sourcecode.c.objc; path = JPNavigationController.m; sourceTree = "<group>"; };
		48EA436C1F1229E300067F48 /* JPNavigationControllerCompat.h */ = {isa = PBXFileReference; fileEncoding = 4; lastKnownFileType = sourcecode.c.h; path = JPNavigationControllerCompat.h; sourceTree = "<group>"; };
		48EA436D1F1229E300067F48 /* JPNavigationControllerGestureRecognizer.h */ = {isa = PBXFileReference; fileEncoding = 4; lastKnownFileType = sourcecode.c.h; path = JPNavigationControllerGestureRecognizer.h; sourceTree = "<group>"; };
		48EA436E1F1229E300067F48 /* JPNavigationControllerGestureRecognizer.m */ = {isa = PBXFileReference; fileEncoding = 4; lastKnownFileType = sourcecode.c.objc; path = JPNavigationControllerGestureRecognizer.m; sourceTree = "<group>"; };
		48EA436F1F1229E300067F48 /* JPNavigationControllerKit.h */ = {isa = PBXFileReference; fileEncoding = 4; lastKnownFileType = sourcecode.c.h; path = JPNavigationControllerKit.h; sourceTree = "<group>"; };
		48EA43701F1229E300067F48 /* JPNavigationControllerProtocol.h */ = {isa = PBXFileReference; fileEncoding = 4; lastKnownFileType = sourcecode.c.h; path = JPNavigationControllerProtocol.h; sourceTree = "<group>"; };
		48EA43711F1229E300067F48 /* JPNavigationControllerTransition.h */ = {isa = PBXFileReference; fileEncoding = 4; lastKnownFileType = sourcecode.c.h; path = JPNavigationControllerTransition.h; sourceTree = "<group>"; };
		48EA43721F1229E300067F48 /* JPNavigationControllerTransition.m */ = {isa = PBXFileReference; fileEncoding = 4; lastKnownFileType = sourcecode.c.objc; path = JPNavigationControllerTransition.m; sourceTree = "<group>"; };
		48EA43731F1229E300067F48 /* JPPushAnimationTransition.h */ = {isa = PBXFileReference; fileEncoding = 4; lastKnownFileType = sourcecode.c.h; path = JPPushAnimationTransition.h; sourceTree = "<group>"; };
		48EA43741F1229E300067F48 /* JPPushAnimationTransition.m */ = {isa = PBXFileReference; fileEncoding = 4; lastKnownFileType = sourcecode.c.objc; path = JPPushAnimationTransition.m; sourceTree = "<group>"; };
		48EA43751F1229E300067F48 /* JPTransitionShadowView.h */ = {isa = PBXFileReference; fileEncoding = 4; lastKnownFileType = sourcecode.c.h; path = JPTransitionShadowView.h; sourceTree = "<group>"; };
		48EA43761F1229E300067F48 /* JPTransitionShadowView.m */ = {isa = PBXFileReference; fileEncoding = 4; lastKnownFileType = sourcecode.c.objc; path = JPTransitionShadowView.m; sourceTree = "<group>"; };
		48EA43771F1229E300067F48 /* JPWarpNavigationController.h */ = {isa = PBXFileReference; fileEncoding = 4; lastKnownFileType = sourcecode.c.h; path = JPWarpNavigationController.h; sourceTree = "<group>"; };
		48EA43781F1229E300067F48 /* JPWarpNavigationController.m */ = {isa = PBXFileReference; fileEncoding = 4; lastKnownFileType = sourcecode.c.objc; path = JPWarpNavigationController.m; sourceTree = "<group>"; };
		48EA43791F1229E300067F48 /* JPWarpViewController.h */ = {isa = PBXFileReference; fileEncoding = 4; lastKnownFileType = sourcecode.c.h; path = JPWarpViewController.h; sourceTree = "<group>"; };
		48EA437A1F1229E300067F48 /* JPWarpViewController.m */ = {isa = PBXFileReference; fileEncoding = 4; lastKnownFileType = sourcecode.c.objc; path = JPWarpViewController.m; sourceTree = "<group>"; };
		48EA437B1F1229E300067F48 /* UIColor+ImageGenerate.h */ = {isa = PBXFileReference; fileEncoding = 4; lastKnownFileType = sourcecode.c.h; path = "UIColor+ImageGenerate.h"; sourceTree = "<group>"; };
		48EA437C1F1229E300067F48 /* UIColor+ImageGenerate.m */ = {isa = PBXFileReference; fileEncoding = 4; lastKnownFileType = sourcecode.c.objc; path = "UIColor+ImageGenerate.m"; sourceTree = "<group>"; };
		48EA437D1F1229E300067F48 /* UINavigationController+FulllScreenPopPush.h */ = {isa = PBXFileReference; fileEncoding = 4; lastKnownFileType = sourcecode.c.h; path = "UINavigationController+FulllScreenPopPush.h"; sourceTree = "<group>"; };
		48EA437E1F1229E300067F48 /* UIView+ScreenCapture.h */ = {isa = PBXFileReference; fileEncoding = 4; lastKnownFileType = sourcecode.c.h; path = "UIView+ScreenCapture.h"; sourceTree = "<group>"; };
		48EA437F1F1229E300067F48 /* UIView+ScreenCapture.m */ = {isa = PBXFileReference; fileEncoding = 4; lastKnownFileType = sourcecode.c.objc; path = "UIView+ScreenCapture.m"; sourceTree = "<group>"; };
		48EA43801F1229E300067F48 /* UIViewController+ViewControllers.h */ = {isa = PBXFileReference; fileEncoding = 4; lastKnownFileType = sourcecode.c.h; path = "UIViewController+ViewControllers.h"; sourceTree = "<group>"; };
		48EA43811F1229E300067F48 /* UIViewController+ViewControllers.m */ = {isa = PBXFileReference; fileEncoding = 4; lastKnownFileType = sourcecode.c.objc; path = "UIViewController+ViewControllers.m"; sourceTree = "<group>"; };
		48F041C01F10921200AE46D3 /* JPNavigationControllerDemo_more.xib */ = {isa = PBXFileReference; fileEncoding = 4; lastKnownFileType = file.xib; path = JPNavigationControllerDemo_more.xib; sourceTree = "<group>"; };
		48F041C21F10948E00AE46D3 /* JPQRCodeTool.h */ = {isa = PBXFileReference; fileEncoding = 4; lastKnownFileType = sourcecode.c.h; path = JPQRCodeTool.h; sourceTree = "<group>"; };
		48F041C31F10948E00AE46D3 /* JPQRCodeTool.m */ = {isa = PBXFileReference; fileEncoding = 4; lastKnownFileType = sourcecode.c.objc; path = JPQRCodeTool.m; sourceTree = "<group>"; };
		48F041C51F10C3BB00AE46D3 /* JPNavigationControllerDemo_range.h */ = {isa = PBXFileReference; fileEncoding = 4; lastKnownFileType = sourcecode.c.h; path = JPNavigationControllerDemo_range.h; sourceTree = "<group>"; };
		48F041C61F10C3BB00AE46D3 /* JPNavigationControllerDemo_range.m */ = {isa = PBXFileReference; fileEncoding = 4; lastKnownFileType = sourcecode.c.objc; path = JPNavigationControllerDemo_range.m; sourceTree = "<group>"; };
		48F041C71F10C3BB00AE46D3 /* JPNavigationControllerDemo_range.xib */ = {isa = PBXFileReference; fileEncoding = 4; lastKnownFileType = file.xib; path = JPNavigationControllerDemo_range.xib; sourceTree = "<group>"; };
		C3A65C21EF3800DCBFE195D6 /* libPods-JPNavigationControllerDemo.a */ = {isa = PBXFileReference; explicitFileType = archive.ar; includeInIndex = 0; path = "libPods-JPNavigationControllerDemo.a"; sourceTree = BUILT_PRODUCTS_DIR; };
/* End PBXFileReference section */

/* Begin PBXFrameworksBuildPhase section */
		48843BD81EFFBB4300948951 /* Frameworks */ = {
			isa = PBXFrameworksBuildPhase;
			buildActionMask = 2147483647;
			files = (
				592C04A638715C176A3399D5 /* libPods-JPNavigationControllerDemo.a in Frameworks */,
			);
			runOnlyForDeploymentPostprocessing = 0;
		};
/* End PBXFrameworksBuildPhase section */

/* Begin PBXGroup section */
		48843BD21EFFBB4300948951 = {
			isa = PBXGroup;
			children = (
				48843BDD1EFFBB4300948951 /* JPNavigationControllerDemo */,
				48843BDC1EFFBB4300948951 /* Products */,
				A669784BD71FB16B9CE8060C /* Pods */,
				B67B606EFC9C0ECFD4EB9F47 /* Frameworks */,
			);
			sourceTree = "<group>";
		};
		48843BDC1EFFBB4300948951 /* Products */ = {
			isa = PBXGroup;
			children = (
				48843BDB1EFFBB4300948951 /* JPNavigationControllerDemo.app */,
			);
			name = Products;
			sourceTree = "<group>";
		};
		48843BDD1EFFBB4300948951 /* JPNavigationControllerDemo */ = {
			isa = PBXGroup;
			children = (
				48EA43641F1229E300067F48 /* JPNavigationController */,
				48843BFA1EFFBD5100948951 /* Block_more */,
				48843BF91EFFBD3600948951 /* Block_home */,
				48843BE11EFFBB4300948951 /* AppDelegate.h */,
				48843BE21EFFBB4300948951 /* AppDelegate.m */,
				48843BEA1EFFBB4300948951 /* Assets.xcassets */,
				48843BEC1EFFBB4300948951 /* LaunchScreen.storyboard */,
				48843BEF1EFFBB4300948951 /* Info.plist */,
				48843BDE1EFFBB4300948951 /* Supporting Files */,
			);
			path = JPNavigationControllerDemo;
			sourceTree = "<group>";
		};
		48843BDE1EFFBB4300948951 /* Supporting Files */ = {
			isa = PBXGroup;
			children = (
				48843BDF1EFFBB4300948951 /* main.m */,
			);
			name = "Supporting Files";
			sourceTree = "<group>";
		};
		48843BF91EFFBD3600948951 /* Block_home */ = {
			isa = PBXGroup;
			children = (
				48843BF61EFFBD2A00948951 /* JPNavigationControllerDemo_home.h */,
				48843BF71EFFBD2A00948951 /* JPNavigationControllerDemo_home.m */,
				48843C141F00024C00948951 /* JPNavigationControllerDemo_linkBar.h */,
				48843C151F00024C00948951 /* JPNavigationControllerDemo_linkBar.m */,
				48F041C51F10C3BB00AE46D3 /* JPNavigationControllerDemo_range.h */,
				48F041C61F10C3BB00AE46D3 /* JPNavigationControllerDemo_range.m */,
				48F041C71F10C3BB00AE46D3 /* JPNavigationControllerDemo_range.xib */,
			);
			name = Block_home;
			sourceTree = "<group>";
		};
		48843BFA1EFFBD5100948951 /* Block_more */ = {
			isa = PBXGroup;
			children = (
				48F041C21F10948E00AE46D3 /* JPQRCodeTool.h */,
				48F041C31F10948E00AE46D3 /* JPQRCodeTool.m */,
				48843BFE1EFFBD9F00948951 /* JPNavigationControllerDemo_more.h */,
				48843BFF1EFFBD9F00948951 /* JPNavigationControllerDemo_more.m */,
				48F041C01F10921200AE46D3 /* JPNavigationControllerDemo_more.xib */,
			);
			name = Block_more;
			sourceTree = "<group>";
		};
		48EA43641F1229E300067F48 /* JPNavigationController */ = {
			isa = PBXGroup;
			children = (
				48EA43651F1229E300067F48 /* JPBaseAnimationTransition.h */,
				48EA43661F1229E300067F48 /* JPBaseAnimationTransition.m */,
				48EA43671F1229E300067F48 /* JPNavigationBar.h */,
				48EA43681F1229E300067F48 /* JPNavigationBar.m */,
				48EA43691F1229E300067F48 /* JPNavigationController.bundle */,
				48EA436A1F1229E300067F48 /* JPNavigationController.h */,
				48EA436B1F1229E300067F48 /* JPNavigationController.m */,
				48EA436C1F1229E300067F48 /* JPNavigationControllerCompat.h */,
				48EA436D1F1229E300067F48 /* JPNavigationControllerGestureRecognizer.h */,
				48EA436E1F1229E300067F48 /* JPNavigationControllerGestureRecognizer.m */,
				48EA436F1F1229E300067F48 /* JPNavigationControllerKit.h */,
				48EA43701F1229E300067F48 /* JPNavigationControllerProtocol.h */,
				48EA43711F1229E300067F48 /* JPNavigationControllerTransition.h */,
				48EA43721F1229E300067F48 /* JPNavigationControllerTransition.m */,
				48EA43731F1229E300067F48 /* JPPushAnimationTransition.h */,
				48EA43741F1229E300067F48 /* JPPushAnimationTransition.m */,
				48EA43751F1229E300067F48 /* JPTransitionShadowView.h */,
				48EA43761F1229E300067F48 /* JPTransitionShadowView.m */,
				48EA43771F1229E300067F48 /* JPWarpNavigationController.h */,
				48EA43781F1229E300067F48 /* JPWarpNavigationController.m */,
				48EA43791F1229E300067F48 /* JPWarpViewController.h */,
				48EA437A1F1229E300067F48 /* JPWarpViewController.m */,
				48EA437B1F1229E300067F48 /* UIColor+ImageGenerate.h */,
				48EA437C1F1229E300067F48 /* UIColor+ImageGenerate.m */,
				48EA437D1F1229E300067F48 /* UINavigationController+FulllScreenPopPush.h */,
				48EA437E1F1229E300067F48 /* UIView+ScreenCapture.h */,
				48EA437F1F1229E300067F48 /* UIView+ScreenCapture.m */,
				48EA43801F1229E300067F48 /* UIViewController+ViewControllers.h */,
				48EA43811F1229E300067F48 /* UIViewController+ViewControllers.m */,
			);
			name = JPNavigationController;
			path = ../../JPNavigationController;
			sourceTree = "<group>";
		};
		A669784BD71FB16B9CE8060C /* Pods */ = {
			isa = PBXGroup;
			children = (
				27D36F9F29D73FA0C86B5E0E /* Pods-JPNavigationControllerDemo.debug.xcconfig */,
				48A97A497D8C28458D2FBC6B /* Pods-JPNavigationControllerDemo.release.xcconfig */,
			);
			name = Pods;
			sourceTree = "<group>";
		};
		B67B606EFC9C0ECFD4EB9F47 /* Frameworks */ = {
			isa = PBXGroup;
			children = (
				C3A65C21EF3800DCBFE195D6 /* libPods-JPNavigationControllerDemo.a */,
			);
			name = Frameworks;
			sourceTree = "<group>";
		};
/* End PBXGroup section */

/* Begin PBXNativeTarget section */
		48843BDA1EFFBB4300948951 /* JPNavigationControllerDemo */ = {
			isa = PBXNativeTarget;
			buildConfigurationList = 48843BF21EFFBB4300948951 /* Build configuration list for PBXNativeTarget "JPNavigationControllerDemo" */;
			buildPhases = (
				F0D2BA8318B8C49C36483672 /* [CP] Check Pods Manifest.lock */,
				48843BD71EFFBB4300948951 /* Sources */,
				48843BD81EFFBB4300948951 /* Frameworks */,
				48843BD91EFFBB4300948951 /* Resources */,
				74B1B7BCD0B7BA9955746342 /* [CP] Embed Pods Frameworks */,
				3D6889F32D1CB3EB42DB7C9C /* [CP] Copy Pods Resources */,
			);
			buildRules = (
			);
			dependencies = (
			);
			name = JPNavigationControllerDemo;
			productName = JPNavigationControllerDemo;
			productReference = 48843BDB1EFFBB4300948951 /* JPNavigationControllerDemo.app */;
			productType = "com.apple.product-type.application";
		};
/* End PBXNativeTarget section */

/* Begin PBXProject section */
		48843BD31EFFBB4300948951 /* Project object */ = {
			isa = PBXProject;
			attributes = {
				LastUpgradeCheck = 0830;
				ORGANIZATIONNAME = "尹久盼";
				TargetAttributes = {
					48843BDA1EFFBB4300948951 = {
						CreatedOnToolsVersion = 8.3;
						DevelopmentTeam = U7FB52A877;
						ProvisioningStyle = Automatic;
					};
				};
			};
			buildConfigurationList = 48843BD61EFFBB4300948951 /* Build configuration list for PBXProject "JPNavigationControllerDemo" */;
			compatibilityVersion = "Xcode 3.2";
			developmentRegion = English;
			hasScannedForEncodings = 0;
			knownRegions = (
				en,
				Base,
			);
			mainGroup = 48843BD21EFFBB4300948951;
			productRefGroup = 48843BDC1EFFBB4300948951 /* Products */;
			projectDirPath = "";
			projectRoot = "";
			targets = (
				48843BDA1EFFBB4300948951 /* JPNavigationControllerDemo */,
			);
		};
/* End PBXProject section */

/* Begin PBXResourcesBuildPhase section */
		48843BD91EFFBB4300948951 /* Resources */ = {
			isa = PBXResourcesBuildPhase;
			buildActionMask = 2147483647;
			files = (
				48843BEE1EFFBB4300948951 /* LaunchScreen.storyboard in Resources */,
				48F041C91F10C3BB00AE46D3 /* JPNavigationControllerDemo_range.xib in Resources */,
				48F041C11F10921200AE46D3 /* JPNavigationControllerDemo_more.xib in Resources */,
				48843BEB1EFFBB4300948951 /* Assets.xcassets in Resources */,
				48EA43841F1229E300067F48 /* JPNavigationController.bundle in Resources */,
			);
			runOnlyForDeploymentPostprocessing = 0;
		};
/* End PBXResourcesBuildPhase section */

/* Begin PBXShellScriptBuildPhase section */
		3D6889F32D1CB3EB42DB7C9C /* [CP] Copy Pods Resources */ = {
			isa = PBXShellScriptBuildPhase;
			buildActionMask = 2147483647;
			files = (
			);
			inputPaths = (
			);
			name = "[CP] Copy Pods Resources";
			outputPaths = (
			);
			runOnlyForDeploymentPostprocessing = 0;
			shellPath = /bin/sh;
			shellScript = "\"${SRCROOT}/Pods/Target Support Files/Pods-JPNavigationControllerDemo/Pods-JPNavigationControllerDemo-resources.sh\"\n";
			showEnvVarsInLog = 0;
		};
		74B1B7BCD0B7BA9955746342 /* [CP] Embed Pods Frameworks */ = {
			isa = PBXShellScriptBuildPhase;
			buildActionMask = 2147483647;
			files = (
			);
			inputPaths = (
			);
			name = "[CP] Embed Pods Frameworks";
			outputPaths = (
			);
			runOnlyForDeploymentPostprocessing = 0;
			shellPath = /bin/sh;
			shellScript = "\"${SRCROOT}/Pods/Target Support Files/Pods-JPNavigationControllerDemo/Pods-JPNavigationControllerDemo-frameworks.sh\"\n";
			showEnvVarsInLog = 0;
		};
		F0D2BA8318B8C49C36483672 /* [CP] Check Pods Manifest.lock */ = {
			isa = PBXShellScriptBuildPhase;
			buildActionMask = 2147483647;
			files = (
			);
			inputPaths = (
			);
			name = "[CP] Check Pods Manifest.lock";
			outputPaths = (
			);
			runOnlyForDeploymentPostprocessing = 0;
			shellPath = /bin/sh;
			shellScript = "diff \"${PODS_ROOT}/../Podfile.lock\" \"${PODS_ROOT}/Manifest.lock\" > /dev/null\nif [ $? != 0 ] ; then\n    # print error to STDERR\n    echo \"error: The sandbox is not in sync with the Podfile.lock. Run 'pod install' or update your CocoaPods installation.\" >&2\n    exit 1\nfi\n";
			showEnvVarsInLog = 0;
		};
/* End PBXShellScriptBuildPhase section */

/* Begin PBXSourcesBuildPhase section */
		48843BD71EFFBB4300948951 /* Sources */ = {
			isa = PBXSourcesBuildPhase;
			buildActionMask = 2147483647;
			files = (
				48EA438A1F1229E300067F48 /* JPWarpNavigationController.m in Sources */,
				48F041C81F10C3BB00AE46D3 /* JPNavigationControllerDemo_range.m in Sources */,
				48843BE31EFFBB4300948951 /* AppDelegate.m in Sources */,
				48843C161F00024C00948951 /* JPNavigationControllerDemo_linkBar.m in Sources */,
				48EA438B1F1229E300067F48 /* JPWarpViewController.m in Sources */,
				48EA43861F1229E300067F48 /* JPNavigationControllerGestureRecognizer.m in Sources */,
				48843BF81EFFBD2A00948951 /* JPNavigationControllerDemo_home.m in Sources */,
				48843BE01EFFBB4300948951 /* main.m in Sources */,
				48EA43851F1229E300067F48 /* JPNavigationController.m in Sources */,
				48EA438C1F1229E300067F48 /* UIColor+ImageGenerate.m in Sources */,
				48EA43881F1229E300067F48 /* JPPushAnimationTransition.m in Sources */,
				48F041C41F10948E00AE46D3 /* JPQRCodeTool.m in Sources */,
				48EA438E1F1229E300067F48 /* UIViewController+ViewControllers.m in Sources */,
				48EA43891F1229E300067F48 /* JPTransitionShadowView.m in Sources */,
				48EA43821F1229E300067F48 /* JPBaseAnimationTransition.m in Sources */,
				48EA43831F1229E300067F48 /* JPNavigationBar.m in Sources */,
				48EA43871F1229E300067F48 /* JPNavigationControllerTransition.m in Sources */,
				48843C001EFFBD9F00948951 /* JPNavigationControllerDemo_more.m in Sources */,
				48EA438D1F1229E300067F48 /* UIView+ScreenCapture.m in Sources */,
			);
			runOnlyForDeploymentPostprocessing = 0;
		};
/* End PBXSourcesBuildPhase section */

/* Begin PBXVariantGroup section */
		48843BEC1EFFBB4300948951 /* LaunchScreen.storyboard */ = {
			isa = PBXVariantGroup;
			children = (
				48843BED1EFFBB4300948951 /* Base */,
			);
			name = LaunchScreen.storyboard;
			sourceTree = "<group>";
		};
/* End PBXVariantGroup section */

/* Begin XCBuildConfiguration section */
		48843BF01EFFBB4300948951 /* Debug */ = {
			isa = XCBuildConfiguration;
			buildSettings = {
				ALWAYS_SEARCH_USER_PATHS = NO;
				CLANG_ANALYZER_NONNULL = YES;
				CLANG_ANALYZER_NUMBER_OBJECT_CONVERSION = YES_AGGRESSIVE;
				CLANG_CXX_LANGUAGE_STANDARD = "gnu++0x";
				CLANG_CXX_LIBRARY = "libc++";
				CLANG_ENABLE_MODULES = YES;
				CLANG_ENABLE_OBJC_ARC = YES;
				CLANG_WARN_BOOL_CONVERSION = YES;
				CLANG_WARN_CONSTANT_CONVERSION = YES;
				CLANG_WARN_DIRECT_OBJC_ISA_USAGE = YES_ERROR;
				CLANG_WARN_DOCUMENTATION_COMMENTS = YES;
				CLANG_WARN_EMPTY_BODY = YES;
				CLANG_WARN_ENUM_CONVERSION = YES;
				CLANG_WARN_INFINITE_RECURSION = YES;
				CLANG_WARN_INT_CONVERSION = YES;
				CLANG_WARN_OBJC_ROOT_CLASS = YES_ERROR;
				CLANG_WARN_SUSPICIOUS_MOVE = YES;
				CLANG_WARN_UNREACHABLE_CODE = YES;
				CLANG_WARN__DUPLICATE_METHOD_MATCH = YES;
				"CODE_SIGN_IDENTITY[sdk=iphoneos*]" = "iPhone Developer";
				COPY_PHASE_STRIP = NO;
				DEBUG_INFORMATION_FORMAT = "dwarf-with-dsym";
				ENABLE_STRICT_OBJC_MSGSEND = YES;
				ENABLE_TESTABILITY = YES;
				GCC_C_LANGUAGE_STANDARD = gnu99;
				GCC_DYNAMIC_NO_PIC = NO;
				GCC_NO_COMMON_BLOCKS = YES;
				GCC_OPTIMIZATION_LEVEL = 0;
				GCC_PREPROCESSOR_DEFINITIONS = (
					"DEBUG=1",
					"$(inherited)",
				);
				GCC_WARN_64_TO_32_BIT_CONVERSION = YES;
				GCC_WARN_ABOUT_RETURN_TYPE = YES_ERROR;
				GCC_WARN_UNDECLARED_SELECTOR = YES;
				GCC_WARN_UNINITIALIZED_AUTOS = YES_AGGRESSIVE;
				GCC_WARN_UNUSED_FUNCTION = YES;
				GCC_WARN_UNUSED_VARIABLE = YES;
				IPHONEOS_DEPLOYMENT_TARGET = 10.3;
				MTL_ENABLE_DEBUG_INFO = YES;
				ONLY_ACTIVE_ARCH = YES;
				SDKROOT = iphoneos;
			};
			name = Debug;
		};
		48843BF11EFFBB4300948951 /* Release */ = {
			isa = XCBuildConfiguration;
			buildSettings = {
				ALWAYS_SEARCH_USER_PATHS = NO;
				CLANG_ANALYZER_NONNULL = YES;
				CLANG_ANALYZER_NUMBER_OBJECT_CONVERSION = YES_AGGRESSIVE;
				CLANG_CXX_LANGUAGE_STANDARD = "gnu++0x";
				CLANG_CXX_LIBRARY = "libc++";
				CLANG_ENABLE_MODULES = YES;
				CLANG_ENABLE_OBJC_ARC = YES;
				CLANG_WARN_BOOL_CONVERSION = YES;
				CLANG_WARN_CONSTANT_CONVERSION = YES;
				CLANG_WARN_DIRECT_OBJC_ISA_USAGE = YES_ERROR;
				CLANG_WARN_DOCUMENTATION_COMMENTS = YES;
				CLANG_WARN_EMPTY_BODY = YES;
				CLANG_WARN_ENUM_CONVERSION = YES;
				CLANG_WARN_INFINITE_RECURSION = YES;
				CLANG_WARN_INT_CONVERSION = YES;
				CLANG_WARN_OBJC_ROOT_CLASS = YES_ERROR;
				CLANG_WARN_SUSPICIOUS_MOVE = YES;
				CLANG_WARN_UNREACHABLE_CODE = YES;
				CLANG_WARN__DUPLICATE_METHOD_MATCH = YES;
				"CODE_SIGN_IDENTITY[sdk=iphoneos*]" = "iPhone Developer";
				COPY_PHASE_STRIP = NO;
				DEBUG_INFORMATION_FORMAT = "dwarf-with-dsym";
				ENABLE_NS_ASSERTIONS = NO;
				ENABLE_STRICT_OBJC_MSGSEND = YES;
				GCC_C_LANGUAGE_STANDARD = gnu99;
				GCC_NO_COMMON_BLOCKS = YES;
				GCC_WARN_64_TO_32_BIT_CONVERSION = YES;
				GCC_WARN_ABOUT_RETURN_TYPE = YES_ERROR;
				GCC_WARN_UNDECLARED_SELECTOR = YES;
				GCC_WARN_UNINITIALIZED_AUTOS = YES_AGGRESSIVE;
				GCC_WARN_UNUSED_FUNCTION = YES;
				GCC_WARN_UNUSED_VARIABLE = YES;
				IPHONEOS_DEPLOYMENT_TARGET = 10.3;
				MTL_ENABLE_DEBUG_INFO = NO;
				SDKROOT = iphoneos;
				VALIDATE_PRODUCT = YES;
			};
			name = Release;
		};
		48843BF31EFFBB4300948951 /* Debug */ = {
			isa = XCBuildConfiguration;
			baseConfigurationReference = 27D36F9F29D73FA0C86B5E0E /* Pods-JPNavigationControllerDemo.debug.xcconfig */;
			buildSettings = {
				ASSETCATALOG_COMPILER_APPICON_NAME = AppIcon;
				DEVELOPMENT_TEAM = U7FB52A877;
				INFOPLIST_FILE = JPNavigationControllerDemo/Info.plist;
				IPHONEOS_DEPLOYMENT_TARGET = 8.0;
				LD_RUNPATH_SEARCH_PATHS = "$(inherited) @executable_path/Frameworks";
				PRODUCT_BUNDLE_IDENTIFIER = babyChatTeacher;
				PRODUCT_NAME = "$(TARGET_NAME)";
			};
			name = Debug;
		};
		48843BF41EFFBB4300948951 /* Release */ = {
			isa = XCBuildConfiguration;
			baseConfigurationReference = 48A97A497D8C28458D2FBC6B /* Pods-JPNavigationControllerDemo.release.xcconfig */;
			buildSettings = {
				ASSETCATALOG_COMPILER_APPICON_NAME = AppIcon;
				DEVELOPMENT_TEAM = U7FB52A877;
				INFOPLIST_FILE = JPNavigationControllerDemo/Info.plist;
				IPHONEOS_DEPLOYMENT_TARGET = 8.0;
				LD_RUNPATH_SEARCH_PATHS = "$(inherited) @executable_path/Frameworks";
				PRODUCT_BUNDLE_IDENTIFIER = babyChatTeacher;
				PRODUCT_NAME = "$(TARGET_NAME)";
			};
			name = Release;
		};
/* End XCBuildConfiguration section */

/* Begin XCConfigurationList section */
		48843BD61EFFBB4300948951 /* Build configuration list for PBXProject "JPNavigationControllerDemo" */ = {
			isa = XCConfigurationList;
			buildConfigurations = (
				48843BF01EFFBB4300948951 /* Debug */,
				48843BF11EFFBB4300948951 /* Release */,
			);
			defaultConfigurationIsVisible = 0;
			defaultConfigurationName = Release;
		};
		48843BF21EFFBB4300948951 /* Build configuration list for PBXNativeTarget "JPNavigationControllerDemo" */ = {
			isa = XCConfigurationList;
			buildConfigurations = (
				48843BF31EFFBB4300948951 /* Debug */,
				48843BF41EFFBB4300948951 /* Release */,
			);
			defaultConfigurationIsVisible = 0;
			defaultConfigurationName = Release;
		};
/* End XCConfigurationList section */
	};
	rootObject = 48843BD31EFFBB4300948951 /* Project object */;
}
