// !$*UTF8*$!
{
	archiveVersion = 1;
	classes = {
	};
	objectVersion = 46;
	objects = {

/* Begin PBXBuildFile section */
		CC6937A01D3E5DFE00F6550D /* main.m in Sources */ = {isa = PBXBuildFile; fileRef = CC69379F1D3E5DFE00F6550D /* main.m */; };
		CC6937A31D3E5DFE00F6550D /* AppDelegate.m in Sources */ = {isa = PBXBuildFile; fileRef = CC6937A21D3E5DFE00F6550D /* AppDelegate.m */; };
		CC6937A61D3E5DFE00F6550D /* ViewController.m in Sources */ = {isa = PBXBuildFile; fileRef = CC6937A51D3E5DFE00F6550D /* ViewController.m */; };
		CC6937A91D3E5DFE00F6550D /* Main.storyboard in Resources */ = {isa = PBXBuildFile; fileRef = CC6937A71D3E5DFE00F6550D /* Main.storyboard */; };
		CC6937AB1D3E5DFE00F6550D /* Assets.xcassets in Resources */ = {isa = PBXBuildFile; fileRef = CC6937AA1D3E5DFE00F6550D /* Assets.xcassets */; };
		CC6937AE1D3E5DFE00F6550D /* LaunchScreen.storyboard in Resources */ = {isa = PBXBuildFile; fileRef = CC6937AC1D3E5DFE00F6550D /* LaunchScreen.storyboard */; };
		CC6937B81D3E5E5C00F6550D /* UIViewController+NavExtesion.m in Sources */ = {isa = PBXBuildFile; fileRef = CC6937B71D3E5E5C00F6550D /* UIViewController+NavExtesion.m */; };
		CC6937BB1D3E5E7600F6550D /* JPNavigationController.m in Sources */ = {isa = PBXBuildFile; fileRef = CC6937BA1D3E5E7600F6550D /* JPNavigationController.m */; };
		CC6937BE1D3E6CF200F6550D /* backImage@2x.png in Resources */ = {isa = PBXBuildFile; fileRef = CC6937BC1D3E6CF200F6550D /* backImage@2x.png */; };
		CC6937BF1D3E6CF200F6550D /* backImage@3x.png in Resources */ = {isa = PBXBuildFile; fileRef = CC6937BD1D3E6CF200F6550D /* backImage@3x.png */; };
		CC6937C21D3E94F800F6550D /* JPSecondVC.m in Sources */ = {isa = PBXBuildFile; fileRef = CC6937C11D3E94F800F6550D /* JPSecondVC.m */; };
		CC6937C51D3E9E5700F6550D /* UIImage+Image.m in Sources */ = {isa = PBXBuildFile; fileRef = CC6937C41D3E9E5700F6550D /* UIImage+Image.m */; };
		CC6937C81D3E9F6900F6550D /* JPThirdVc.m in Sources */ = {isa = PBXBuildFile; fileRef = CC6937C71D3E9F6900F6550D /* JPThirdVc.m */; };
/* End PBXBuildFile section */

/* Begin PBXFileReference section */
		CC69379B1D3E5DFE00F6550D /* JPNavigationController.app */ = {isa = PBXFileReference; explicitFileType = wrapper.application; includeInIndex = 0; path = JPNavigationController.app; sourceTree = BUILT_PRODUCTS_DIR; };
		CC69379F1D3E5DFE00F6550D /* main.m */ = {isa = PBXFileReference; lastKnownFileType = sourcecode.c.objc; path = main.m; sourceTree = "<group>"; };
		CC6937A11D3E5DFE00F6550D /* AppDelegate.h */ = {isa = PBXFileReference; lastKnownFileType = sourcecode.c.h; path = AppDelegate.h; sourceTree = "<group>"; };
		CC6937A21D3E5DFE00F6550D /* AppDelegate.m */ = {isa = PBXFileReference; lastKnownFileType = sourcecode.c.objc; path = AppDelegate.m; sourceTree = "<group>"; };
		CC6937A41D3E5DFE00F6550D /* ViewController.h */ = {isa = PBXFileReference; lastKnownFileType = sourcecode.c.h; path = ViewController.h; sourceTree = "<group>"; };
		CC6937A51D3E5DFE00F6550D /* ViewController.m */ = {isa = PBXFileReference; lastKnownFileType = sourcecode.c.objc; path = ViewController.m; sourceTree = "<group>"; };
		CC6937A81D3E5DFE00F6550D /* Base */ = {isa = PBXFileReference; lastKnownFileType = file.storyboard; name = Base; path = Base.lproj/Main.storyboard; sourceTree = "<group>"; };
		CC6937AA1D3E5DFE00F6550D /* Assets.xcassets */ = {isa = PBXFileReference; lastKnownFileType = folder.assetcatalog; path = Assets.xcassets; sourceTree = "<group>"; };
		CC6937AD1D3E5DFE00F6550D /* Base */ = {isa = PBXFileReference; lastKnownFileType = file.storyboard; name = Base; path = Base.lproj/LaunchScreen.storyboard; sourceTree = "<group>"; };
		CC6937AF1D3E5DFE00F6550D /* Info.plist */ = {isa = PBXFileReference; lastKnownFileType = text.plist.xml; path = Info.plist; sourceTree = "<group>"; };
		CC6937B61D3E5E5C00F6550D /* UIViewController+NavExtesion.h */ = {isa = PBXFileReference; fileEncoding = 4; lastKnownFileType = sourcecode.c.h; path = "UIViewController+NavExtesion.h"; sourceTree = "<group>"; };
		CC6937B71D3E5E5C00F6550D /* UIViewController+NavExtesion.m */ = {isa = PBXFileReference; fileEncoding = 4; lastKnownFileType = sourcecode.c.objc; path = "UIViewController+NavExtesion.m"; sourceTree = "<group>"; };
		CC6937B91D3E5E7600F6550D /* JPNavigationController.h */ = {isa = PBXFileReference; fileEncoding = 4; lastKnownFileType = sourcecode.c.h; path = JPNavigationController.h; sourceTree = "<group>"; };
		CC6937BA1D3E5E7600F6550D /* JPNavigationController.m */ = {isa = PBXFileReference; fileEncoding = 4; lastKnownFileType = sourcecode.c.objc; path = JPNavigationController.m; sourceTree = "<group>"; };
		CC6937BC1D3E6CF200F6550D /* backImage@2x.png */ = {isa = PBXFileReference; lastKnownFileType = image.png; path = "backImage@2x.png"; sourceTree = "<group>"; };
		CC6937BD1D3E6CF200F6550D /* backImage@3x.png */ = {isa = PBXFileReference; lastKnownFileType = image.png; path = "backImage@3x.png"; sourceTree = "<group>"; };
		CC6937C01D3E94F800F6550D /* JPSecondVC.h */ = {isa = PBXFileReference; fileEncoding = 4; lastKnownFileType = sourcecode.c.h; path = JPSecondVC.h; sourceTree = "<group>"; };
		CC6937C11D3E94F800F6550D /* JPSecondVC.m */ = {isa = PBXFileReference; fileEncoding = 4; lastKnownFileType = sourcecode.c.objc; path = JPSecondVC.m; sourceTree = "<group>"; };
		CC6937C31D3E9E5700F6550D /* UIImage+Image.h */ = {isa = PBXFileReference; fileEncoding = 4; lastKnownFileType = sourcecode.c.h; path = "UIImage+Image.h"; sourceTree = "<group>"; };
		CC6937C41D3E9E5700F6550D /* UIImage+Image.m */ = {isa = PBXFileReference; fileEncoding = 4; lastKnownFileType = sourcecode.c.objc; path = "UIImage+Image.m"; sourceTree = "<group>"; };
		CC6937C61D3E9F6900F6550D /* JPThirdVc.h */ = {isa = PBXFileReference; fileEncoding = 4; lastKnownFileType = sourcecode.c.h; path = JPThirdVc.h; sourceTree = "<group>"; };
		CC6937C71D3E9F6900F6550D /* JPThirdVc.m */ = {isa = PBXFileReference; fileEncoding = 4; lastKnownFileType = sourcecode.c.objc; path = JPThirdVc.m; sourceTree = "<group>"; };
/* End PBXFileReference section */

/* Begin PBXFrameworksBuildPhase section */
		CC6937981D3E5DFE00F6550D /* Frameworks */ = {
			isa = PBXFrameworksBuildPhase;
			buildActionMask = 2147483647;
			files = (
			);
			runOnlyForDeploymentPostprocessing = 0;
		};
/* End PBXFrameworksBuildPhase section */

/* Begin PBXGroup section */
		CC6937921D3E5DFE00F6550D = {
			isa = PBXGroup;
			children = (
				CC69379D1D3E5DFE00F6550D /* JPNavigationController */,
				CC69379C1D3E5DFE00F6550D /* Products */,
			);
			sourceTree = "<group>";
		};
		CC69379C1D3E5DFE00F6550D /* Products */ = {
			isa = PBXGroup;
			children = (
				CC69379B1D3E5DFE00F6550D /* JPNavigationController.app */,
			);
			name = Products;
			sourceTree = "<group>";
		};
		CC69379D1D3E5DFE00F6550D /* JPNavigationController */ = {
			isa = PBXGroup;
			children = (
				CC6937B51D3E5E4000F6550D /* JPNavigationController */,
				CC6937A11D3E5DFE00F6550D /* AppDelegate.h */,
				CC6937A21D3E5DFE00F6550D /* AppDelegate.m */,
				CC6937A41D3E5DFE00F6550D /* ViewController.h */,
				CC6937A51D3E5DFE00F6550D /* ViewController.m */,
				CC6937C01D3E94F800F6550D /* JPSecondVC.h */,
				CC6937C11D3E94F800F6550D /* JPSecondVC.m */,
				CC6937C61D3E9F6900F6550D /* JPThirdVc.h */,
				CC6937C71D3E9F6900F6550D /* JPThirdVc.m */,
				CC6937C31D3E9E5700F6550D /* UIImage+Image.h */,
				CC6937C41D3E9E5700F6550D /* UIImage+Image.m */,
				CC6937A71D3E5DFE00F6550D /* Main.storyboard */,
				CC6937AA1D3E5DFE00F6550D /* Assets.xcassets */,
				CC6937AC1D3E5DFE00F6550D /* LaunchScreen.storyboard */,
				CC6937AF1D3E5DFE00F6550D /* Info.plist */,
				CC69379E1D3E5DFE00F6550D /* Supporting Files */,
			);
			path = JPNavigationController;
			sourceTree = "<group>";
		};
		CC69379E1D3E5DFE00F6550D /* Supporting Files */ = {
			isa = PBXGroup;
			children = (
				CC69379F1D3E5DFE00F6550D /* main.m */,
			);
			name = "Supporting Files";
			sourceTree = "<group>";
		};
		CC6937B51D3E5E4000F6550D /* JPNavigationController */ = {
			isa = PBXGroup;
			children = (
				CC6937BC1D3E6CF200F6550D /* backImage@2x.png */,
				CC6937BD1D3E6CF200F6550D /* backImage@3x.png */,
				CC6937B91D3E5E7600F6550D /* JPNavigationController.h */,
				CC6937BA1D3E5E7600F6550D /* JPNavigationController.m */,
				CC6937B61D3E5E5C00F6550D /* UIViewController+NavExtesion.h */,
				CC6937B71D3E5E5C00F6550D /* UIViewController+NavExtesion.m */,
			);
			path = JPNavigationController;
			sourceTree = "<group>";
		};
/* End PBXGroup section */

/* Begin PBXNativeTarget section */
		CC69379A1D3E5DFE00F6550D /* JPNavigationController */ = {
			isa = PBXNativeTarget;
			buildConfigurationList = CC6937B21D3E5DFE00F6550D /* Build configuration list for PBXNativeTarget "JPNavigationController" */;
			buildPhases = (
				CC6937971D3E5DFE00F6550D /* Sources */,
				CC6937981D3E5DFE00F6550D /* Frameworks */,
				CC6937991D3E5DFE00F6550D /* Resources */,
			);
			buildRules = (
			);
			dependencies = (
			);
			name = JPNavigationController;
			productName = JPNavigationController;
			productReference = CC69379B1D3E5DFE00F6550D /* JPNavigationController.app */;
			productType = "com.apple.product-type.application";
		};
/* End PBXNativeTarget section */

/* Begin PBXProject section */
		CC6937931D3E5DFE00F6550D /* Project object */ = {
			isa = PBXProject;
			attributes = {
				LastUpgradeCheck = 0730;
				ORGANIZATIONNAME = Chris;
				TargetAttributes = {
					CC69379A1D3E5DFE00F6550D = {
						CreatedOnToolsVersion = 7.3;
						DevelopmentTeam = TBX22VE2Q6;
					};
				};
			};
			buildConfigurationList = CC6937961D3E5DFE00F6550D /* Build configuration list for PBXProject "JPNavigationController" */;
			compatibilityVersion = "Xcode 3.2";
			developmentRegion = English;
			hasScannedForEncodings = 0;
			knownRegions = (
				en,
				Base,
			);
			mainGroup = CC6937921D3E5DFE00F6550D;
			productRefGroup = CC69379C1D3E5DFE00F6550D /* Products */;
			projectDirPath = "";
			projectRoot = "";
			targets = (
				CC69379A1D3E5DFE00F6550D /* JPNavigationController */,
			);
		};
/* End PBXProject section */

/* Begin PBXResourcesBuildPhase section */
		CC6937991D3E5DFE00F6550D /* Resources */ = {
			isa = PBXResourcesBuildPhase;
			buildActionMask = 2147483647;
			files = (
				CC6937AE1D3E5DFE00F6550D /* LaunchScreen.storyboard in Resources */,
				CC6937BE1D3E6CF200F6550D /* backImage@2x.png in Resources */,
				CC6937AB1D3E5DFE00F6550D /* Assets.xcassets in Resources */,
				CC6937A91D3E5DFE00F6550D /* Main.storyboard in Resources */,
				CC6937BF1D3E6CF200F6550D /* backImage@3x.png in Resources */,
			);
			runOnlyForDeploymentPostprocessing = 0;
		};
/* End PBXResourcesBuildPhase section */

/* Begin PBXSourcesBuildPhase section */
		CC6937971D3E5DFE00F6550D /* Sources */ = {
			isa = PBXSourcesBuildPhase;
			buildActionMask = 2147483647;
			files = (
				CC6937C21D3E94F800F6550D /* JPSecondVC.m in Sources */,
				CC6937BB1D3E5E7600F6550D /* JPNavigationController.m in Sources */,
				CC6937A61D3E5DFE00F6550D /* ViewController.m in Sources */,
				CC6937B81D3E5E5C00F6550D /* UIViewController+NavExtesion.m in Sources */,
				CC6937C81D3E9F6900F6550D /* JPThirdVc.m in Sources */,
				CC6937C51D3E9E5700F6550D /* UIImage+Image.m in Sources */,
				CC6937A31D3E5DFE00F6550D /* AppDelegate.m in Sources */,
				CC6937A01D3E5DFE00F6550D /* main.m in Sources */,
			);
			runOnlyForDeploymentPostprocessing = 0;
		};
/* End PBXSourcesBuildPhase section */

/* Begin PBXVariantGroup section */
		CC6937A71D3E5DFE00F6550D /* Main.storyboard */ = {
			isa = PBXVariantGroup;
			children = (
				CC6937A81D3E5DFE00F6550D /* Base */,
			);
			name = Main.storyboard;
			sourceTree = "<group>";
		};
		CC6937AC1D3E5DFE00F6550D /* LaunchScreen.storyboard */ = {
			isa = PBXVariantGroup;
			children = (
				CC6937AD1D3E5DFE00F6550D /* Base */,
			);
			name = LaunchScreen.storyboard;
			sourceTree = "<group>";
		};
/* End PBXVariantGroup section */

/* Begin XCBuildConfiguration section */
		CC6937B01D3E5DFE00F6550D /* Debug */ = {
			isa = XCBuildConfiguration;
			buildSettings = {
				ALWAYS_SEARCH_USER_PATHS = NO;
				CLANG_ANALYZER_NONNULL = YES;
				CLANG_CXX_LANGUAGE_STANDARD = "gnu++0x";
				CLANG_CXX_LIBRARY = "libc++";
				CLANG_ENABLE_MODULES = YES;
				CLANG_ENABLE_OBJC_ARC = YES;
				CLANG_WARN_BOOL_CONVERSION = YES;
				CLANG_WARN_CONSTANT_CONVERSION = YES;
				CLANG_WARN_DIRECT_OBJC_ISA_USAGE = YES_ERROR;
				CLANG_WARN_EMPTY_BODY = YES;
				CLANG_WARN_ENUM_CONVERSION = YES;
				CLANG_WARN_INT_CONVERSION = YES;
				CLANG_WARN_OBJC_ROOT_CLASS = YES_ERROR;
				CLANG_WARN_UNREACHABLE_CODE = YES;
				CLANG_WARN__DUPLICATE_METHOD_MATCH = YES;
				"CODE_SIGN_IDENTITY[sdk=iphoneos*]" = "iPhone Developer";
				COPY_PHASE_STRIP = NO;
				DEBUG_INFORMATION_FORMAT = dwarf;
				ENABLE_STRICT_OBJC_MSGSEND = YES;
				ENABLE_TESTABILITY = YES;
				GCC_C_LANGUAGE_STANDARD = gnu99;
				GCC_DYNAMIC_NO_PIC = NO;
				GCC_NO_COMMON_BLOCKS = YES;
				GCC_OPTIMIZATION_LEVEL = 0;
				GCC_PREPROCESSOR_DEFINITIONS = (
					"DEBUG=1",
					"$(inherited)",
				);
				GCC_WARN_64_TO_32_BIT_CONVERSION = YES;
				GCC_WARN_ABOUT_RETURN_TYPE = YES_ERROR;
				GCC_WARN_UNDECLARED_SELECTOR = YES;
				GCC_WARN_UNINITIALIZED_AUTOS = YES_AGGRESSIVE;
				GCC_WARN_UNUSED_FUNCTION = YES;
				GCC_WARN_UNUSED_VARIABLE = YES;
				IPHONEOS_DEPLOYMENT_TARGET = 9.3;
				MTL_ENABLE_DEBUG_INFO = YES;
				ONLY_ACTIVE_ARCH = YES;
				SDKROOT = iphoneos;
			};
			name = Debug;
		};
		CC6937B11D3E5DFE00F6550D /* Release */ = {
			isa = XCBuildConfiguration;
			buildSettings = {
				ALWAYS_SEARCH_USER_PATHS = NO;
				CLANG_ANALYZER_NONNULL = YES;
				CLANG_CXX_LANGUAGE_STANDARD = "gnu++0x";
				CLANG_CXX_LIBRARY = "libc++";
				CLANG_ENABLE_MODULES = YES;
				CLANG_ENABLE_OBJC_ARC = YES;
				CLANG_WARN_BOOL_CONVERSION = YES;
				CLANG_WARN_CONSTANT_CONVERSION = YES;
				CLANG_WARN_DIRECT_OBJC_ISA_USAGE = YES_ERROR;
				CLANG_WARN_EMPTY_BODY = YES;
				CLANG_WARN_ENUM_CONVERSION = YES;
				CLANG_WARN_INT_CONVERSION = YES;
				CLANG_WARN_OBJC_ROOT_CLASS = YES_ERROR;
				CLANG_WARN_UNREACHABLE_CODE = YES;
				CLANG_WARN__DUPLICATE_METHOD_MATCH = YES;
				"CODE_SIGN_IDENTITY[sdk=iphoneos*]" = "iPhone Developer";
				COPY_PHASE_STRIP = NO;
				DEBUG_INFORMATION_FORMAT = "dwarf-with-dsym";
				ENABLE_NS_ASSERTIONS = NO;
				ENABLE_STRICT_OBJC_MSGSEND = YES;
				GCC_C_LANGUAGE_STANDARD = gnu99;
				GCC_NO_COMMON_BLOCKS = YES;
				GCC_WARN_64_TO_32_BIT_CONVERSION = YES;
				GCC_WARN_ABOUT_RETURN_TYPE = YES_ERROR;
				GCC_WARN_UNDECLARED_SELECTOR = YES;
				GCC_WARN_UNINITIALIZED_AUTOS = YES_AGGRESSIVE;
				GCC_WARN_UNUSED_FUNCTION = YES;
				GCC_WARN_UNUSED_VARIABLE = YES;
				IPHONEOS_DEPLOYMENT_TARGET = 9.3;
				MTL_ENABLE_DEBUG_INFO = NO;
				SDKROOT = iphoneos;
				VALIDATE_PRODUCT = YES;
			};
			name = Release;
		};
		CC6937B31D3E5DFE00F6550D /* Debug */ = {
			isa = XCBuildConfiguration;
			buildSettings = {
				ASSETCATALOG_COMPILER_APPICON_NAME = AppIcon;
				INFOPLIST_FILE = JPNavigationController/Info.plist;
				IPHONEOS_DEPLOYMENT_TARGET = 8.0;
				LD_RUNPATH_SEARCH_PATHS = "$(inherited) @executable_path/Frameworks";
				PRODUCT_BUNDLE_IDENTIFIER = JP.JPNavigationController;
				PRODUCT_NAME = "$(TARGET_NAME)";
			};
			name = Debug;
		};
		CC6937B41D3E5DFE00F6550D /* Release */ = {
			isa = XCBuildConfiguration;
			buildSettings = {
				ASSETCATALOG_COMPILER_APPICON_NAME = AppIcon;
				INFOPLIST_FILE = JPNavigationController/Info.plist;
				IPHONEOS_DEPLOYMENT_TARGET = 8.0;
				LD_RUNPATH_SEARCH_PATHS = "$(inherited) @executable_path/Frameworks";
				PRODUCT_BUNDLE_IDENTIFIER = JP.JPNavigationController;
				PRODUCT_NAME = "$(TARGET_NAME)";
			};
			name = Release;
		};
/* End XCBuildConfiguration section */

/* Begin XCConfigurationList section */
		CC6937961D3E5DFE00F6550D /* Build configuration list for PBXProject "JPNavigationController" */ = {
			isa = XCConfigurationList;
			buildConfigurations = (
				CC6937B01D3E5DFE00F6550D /* Debug */,
				CC6937B11D3E5DFE00F6550D /* Release */,
			);
			defaultConfigurationIsVisible = 0;
			defaultConfigurationName = Release;
		};
		CC6937B21D3E5DFE00F6550D /* Build configuration list for PBXNativeTarget "JPNavigationController" */ = {
			isa = XCConfigurationList;
			buildConfigurations = (
				CC6937B31D3E5DFE00F6550D /* Debug */,
				CC6937B41D3E5DFE00F6550D /* Release */,
			);
			defaultConfigurationIsVisible = 0;
			defaultConfigurationName = Release;
		};
/* End XCConfigurationList section */
	};
	rootObject = CC6937931D3E5DFE00F6550D /* Project object */;
}
